{
  "name": "datepicker",
  "version": "1.0.0",
  "lockfileVersion": 1,
  "dependencies": {
    "bootstrap": {
      "version": "3.3.7",
      "resolved": "http://registry.npm.taobao.org/bootstrap/download/bootstrap-3.3.7.tgz",
      "integrity": "sha1-WjiTlFSfIzMIdaOxUGVldPip63E="
    },
    "bootstrap-datepicker": {
      "version": "1.6.4",
      "resolved": "http://registry.npm.taobao.org/bootstrap-datepicker/download/bootstrap-datepicker-1.6.4.tgz",
      "integrity": "sha1-iJ6+ztjqov8V7B8nPksHUxzEPaA="
    },
    "jquery": {
      "version": "3.2.1",
      "resolved": "http://registry.npm.taobao.org/jquery/download/jquery-3.2.1.tgz",
      "integrity": "sha1-XE2d5lKvbNCncBVKYxu6ErAVx4c="
    }
  }
}
